<?xml version="1.0" encoding="utf-8"?>
<Project ToolsVersion="4.0" xmlns="http://schemas.microsoft.com/developer/msbuild/2003">
  <ItemGroup>
    <Filter Include="Source Files">
      <UniqueIdentifier>{4FC737F1-C7A5-4376-A066-2A32D752A2FF}</UniqueIdentifier>
      <Extensions>cpp;c;cc;cxx;c++;cppm;ixx;def;odl;idl;hpj;bat;asm;asmx</Extensions>
    </Filter>
    <Filter Include="Header Files">
      <UniqueIdentifier>{93995380-89BD-4b04-88EB-625FBE52EBFB}</UniqueIdentifier>
      <Extensions>h;hh;hpp;hxx;h++;hm;inl;inc;ipp;xsd</Extensions>
    </Filter>
    <Filter Include="Resource Files">
      <UniqueIdentifier>{67DA6AB6-F800-4c08-8B7A-83BB121AAD01}</UniqueIdentifier>
      <Extensions>rc;ico;cur;bmp;dlg;rc2;rct;bin;rgs;gif;jpg;jpeg;jpe;resx;tiff;tif;png;wav;mfcribbon-ms</Extensions>
    </Filter>
    <Filter Include="Source Files\External">
      <UniqueIdentifier>{84d1bce6-e5fa-435d-a91d-7677036e8830}</UniqueIdentifier>
    </Filter>
    <Filter Include="Source Files\Core">
      <UniqueIdentifier>{ae5af4bf-34ca-4894-bf67-5e5f53bee3dc}</UniqueIdentifier>
    </Filter>
    <Filter Include="Source Files\Formats">
      <UniqueIdentifier>{f6425ffa-dfba-4200-880f-6cc71b642710}</UniqueIdentifier>
    </Filter>
    <Filter Include="Source Files\Formats\Mvt">
      <UniqueIdentifier>{a3a15cd8-e862-4fb8-9fb3-a877d8b8b93e}</UniqueIdentifier>
    </Filter>
    <Filter Include="Source Files\IO">
      <UniqueIdentifier>{582a3496-a2c6-4239-8857-0740d9da8e35}</UniqueIdentifier>
    </Filter>
    <Filter Include="Source Files\Geo">
      <UniqueIdentifier>{28b7bf29-e205-45b6-9755-bf928c2d5592}</UniqueIdentifier>
    </Filter>
    <Filter Include="Source Files\Unicode">
      <UniqueIdentifier>{03d7b80a-755f-43a4-89a0-e80e810b89ba}</UniqueIdentifier>
    </Filter>
    <Filter Include="Source Files\Formats\GeoJSON">
      <UniqueIdentifier>{91a6ff3e-3a53-478d-bf1e-53f0559ae79b}</UniqueIdentifier>
    </Filter>
  </ItemGroup>
  <ItemGroup>
    <ClInclude Include="VectorTileRenderer.h">
      <Filter>Header Files</Filter>
    </ClInclude>
    <ClInclude Include="VectorTileRendererDlg.h">
      <Filter>Header Files</Filter>
    </ClInclude>
    <ClInclude Include="framework.h">
      <Filter>Header Files</Filter>
    </ClInclude>
    <ClInclude Include="targetver.h">
      <Filter>Header Files</Filter>
    </ClInclude>
    <ClInclude Include="Resource.h">
      <Filter>Header Files</Filter>
    </ClInclude>
    <ClInclude Include="pch.h">
      <Filter>Header Files</Filter>
    </ClInclude>
    <ClInclude Include="formats\mvt\vector_tile.pb.h">
      <Filter>Source Files\Formats\Mvt</Filter>
    </ClInclude>
    <ClInclude Include="formats\mvt\glyphs.pb.h">
      <Filter>Source Files\Formats\Mvt</Filter>
    </ClInclude>
    <ClInclude Include="CFromServerDlg.h">
      <Filter>Header Files</Filter>
    </ClInclude>
    <ClInclude Include="CFromMBTilesDlg.h">
      <Filter>Header Files</Filter>
    </ClInclude>
    <ClInclude Include="CFromPbfDlg.h">
      <Filter>Header Files</Filter>
    </ClInclude>
    <ClInclude Include="CRenderAreaDlg.h">
      <Filter>Header Files</Filter>
    </ClInclude>
    <ClInclude Include="CMapViewerDlg.h">
      <Filter>Header Files</Filter>
    </ClInclude>
    <ClInclude Include="CMapViewerWnd.h">
      <Filter>Header Files</Filter>
    </ClInclude>
  </ItemGroup>
  <ItemGroup>
    <ClCompile Include="VectorTileRenderer.cpp">
      <Filter>Source Files</Filter>
    </ClCompile>
    <ClCompile Include="VectorTileRendererDlg.cpp">
      <Filter>Source Files</Filter>
    </ClCompile>
    <ClCompile Include="pch.cpp">
      <Filter>Source Files</Filter>
    </ClCompile>
    <ClCompile Include="Core\Geometry.ixx">
      <Filter>Source Files\Core</Filter>
    </ClCompile>
    <ClCompile Include="Core\Color.ixx">
      <Filter>Source Files\Core</Filter>
    </ClCompile>
    <ClCompile Include="formats\mvt\Layer.ixx">
      <Filter>Source Files\Formats\Mvt</Filter>
    </ClCompile>
    <ClCompile Include="formats\mvt\Tile.ixx">
      <Filter>Source Files\Formats\Mvt</Filter>
    </ClCompile>
    <ClCompile Include="formats\mvt\TileFetcher.ixx">
      <Filter>Source Files\Formats\Mvt</Filter>
    </ClCompile>
    <ClCompile Include="formats\mvt\Style.ixx">
      <Filter>Source Files\Formats\Mvt</Filter>
    </ClCompile>
    <ClCompile Include="formats\mvt\Style.cpp">
      <Filter>Source Files\Formats\Mvt</Filter>
    </ClCompile>
    <ClCompile Include="formats\mvt\Parser.ixx">
      <Filter>Source Files\Formats\Mvt</Filter>
    </ClCompile>
    <ClCompile Include="formats\mvt\Layer.cpp">
      <Filter>Source Files\Formats\Mvt</Filter>
    </ClCompile>
    <ClCompile Include="formats\mvt\Feature.ixx">
      <Filter>Source Files\Formats\Mvt</Filter>
    </ClCompile>
    <ClCompile Include="formats\mvt\Expressions.ixx">
      <Filter>Source Files\Formats\Mvt</Filter>
    </ClCompile>
    <ClCompile Include="formats\mvt\Expressions.cpp">
      <Filter>Source Files\Formats\Mvt</Filter>
    </ClCompile>
    <ClCompile Include="formats\mvt\vector_tile.pb.cc">
      <Filter>Source Files\Formats\Mvt</Filter>
    </ClCompile>
    <ClCompile Include="formats\mvt\TileCache.ixx">
      <Filter>Source Files\Formats\Mvt</Filter>
    </ClCompile>
    <ClCompile Include="core\RenderTarget.ixx">
      <Filter>Source Files\Core</Filter>
    </ClCompile>
    <ClCompile Include="formats\mvt\Tile.cpp">
      <Filter>Source Files\Formats\Mvt</Filter>
    </ClCompile>
    <ClCompile Include="formats\mvt\Renderer.ixx">
      <Filter>Source Files\Formats\Mvt</Filter>
    </ClCompile>
    <ClCompile Include="formats\mvt\Renderer.cpp">
      <Filter>Source Files\Formats\Mvt</Filter>
    </ClCompile>
    <ClCompile Include="core\D2DRenderTarget.ixx">
      <Filter>Source Files\Core</Filter>
    </ClCompile>
    <ClCompile Include="core\D2DRenderTarget.cpp">
      <Filter>Source Files\Core</Filter>
    </ClCompile>
    <ClCompile Include="formats\mvt\MBTilesFetcher.ixx">
      <Filter>Source Files\Formats\Mvt</Filter>
    </ClCompile>
    <ClCompile Include="formats\mvt\MBTilesFetcher.cpp">
      <Filter>Source Files\Formats\Mvt</Filter>
    </ClCompile>
    <ClCompile Include="formats\mvt\sqlite3.c">
      <Filter>Source Files\Formats\Mvt</Filter>
    </ClCompile>
    <ClCompile Include="io\Gzip.ixx">
      <Filter>Source Files\IO</Filter>
    </ClCompile>
    <ClCompile Include="io\Gzip.cpp">
      <Filter>Source Files\IO</Filter>
    </ClCompile>
    <ClCompile Include="core\Bitmap.ixx">
      <Filter>Source Files\Core</Filter>
    </ClCompile>
    <ClCompile Include="io\Resource.ixx">
      <Filter>Source Files\IO</Filter>
    </ClCompile>
    <ClCompile Include="io\Resource.cpp">
      <Filter>Source Files\IO</Filter>
    </ClCompile>
    <ClCompile Include="core\Bitmap.cpp">
      <Filter>Source Files\Core</Filter>
    </ClCompile>
    <ClCompile Include="formats\mvt\Symbol.ixx">
      <Filter>Source Files\Formats\Mvt</Filter>
    </ClCompile>
    <ClCompile Include="formats\mvt\glyphs.pb.cc">
      <Filter>Source Files\Formats\Mvt</Filter>
    </ClCompile>
    <ClCompile Include="formats\mvt\Style-Glyphs.ixx">
      <Filter>Source Files\Formats\Mvt</Filter>
    </ClCompile>
    <ClCompile Include="formats\mvt\RenderContext.ixx">
      <Filter>Source Files\Formats\Mvt</Filter>
    </ClCompile>
    <ClCompile Include="formats\mvt\Symbols-PlacedSymbols.ixx">
      <Filter>Source Files\Formats\Mvt</Filter>
    </ClCompile>
    <ClCompile Include="formats\mvt\Debug.ixx">
      <Filter>Source Files\Formats\Mvt</Filter>
    </ClCompile>
    <ClCompile Include="formats\mvt\Symbols-PlacedSymbols.cpp">
      <Filter>Source Files\Formats\Mvt</Filter>
    </ClCompile>
    <ClCompile Include="geo\LatLong.ixx">
      <Filter>Source Files\Geo</Filter>
    </ClCompile>
    <ClCompile Include="core\Logger.ixx">
      <Filter>Source Files\Core</Filter>
    </ClCompile>
    <ClCompile Include="core\SVGRenderTarget.ixx">
      <Filter>Source Files\Core</Filter>
    </ClCompile>
    <ClCompile Include="core\SVGRenderTarget.cpp">
      <Filter>Source Files\Core</Filter>
    </ClCompile>
    <ClCompile Include="CFromServerDlg.cpp">
      <Filter>Source Files</Filter>
    </ClCompile>
    <ClCompile Include="CFromMBTilesDlg.cpp">
      <Filter>Source Files</Filter>
    </ClCompile>
    <ClCompile Include="formats\mvt\Symbol.cpp">
      <Filter>Source Files\Formats\Mvt</Filter>
    </ClCompile>
    <ClCompile Include="CFromPbfDlg.cpp">
      <Filter>Source Files</Filter>
    </ClCompile>
    <ClCompile Include="formats\mvt\TileFetcher.cpp">
      <Filter>Source Files\Formats\Mvt</Filter>
    </ClCompile>
    <ClCompile Include="CRenderAreaDlg.cpp">
      <Filter>Source Files</Filter>
    </ClCompile>
    <ClCompile Include="unicode\CaseMapping.ixx">
      <Filter>Source Files\Unicode</Filter>
    </ClCompile>
    <ClCompile Include="unicode\CaseMapping.cpp">
      <Filter>Source Files\Unicode</Filter>
    </ClCompile>
    <ClCompile Include="unicode\Convert.ixx">
      <Filter>Source Files\Unicode</Filter>
    </ClCompile>
    <ClCompile Include="CMapViewerDlg.cpp">
      <Filter>Source Files</Filter>
    </ClCompile>
    <ClCompile Include="CMapViewerWnd.cpp">
      <Filter>Source Files</Filter>
    </ClCompile>
    <ClCompile Include="formats\mvt\Cache.ixx">
      <Filter>Source Files\Formats\Mvt</Filter>
    </ClCompile>
    <ClCompile Include="formats\mvt\Operators.cpp">
      <Filter>Source Files\Formats\Mvt</Filter>
    </ClCompile>
    <ClCompile Include="formats\mvt\Operators.ixx">
      <Filter>Source Files\Formats\Mvt</Filter>
    </ClCompile>
    <ClCompile Include="formats\mvt\Operators-Common.ixx">
      <Filter>Source Files\Formats\Mvt</Filter>
    </ClCompile>
    <ClCompile Include="formats\mvt\Operators-Feature.ixx">
      <Filter>Source Files\Formats\Mvt</Filter>
    </ClCompile>
    <ClCompile Include="formats\mvt\Operators-Feature.cpp">
      <Filter>Source Files\Formats\Mvt</Filter>
    </ClCompile>
    <ClCompile Include="core\JSON.ixx">
      <Filter>Source Files\Core</Filter>
    </ClCompile>
    <ClCompile Include="formats\mvt\Operators-Decision.ixx">
      <Filter>Source Files\Formats\Mvt</Filter>
    </ClCompile>
    <ClCompile Include="formats\mvt\Operators-Decision.cpp">
      <Filter>Source Files\Formats\Mvt</Filter>
    </ClCompile>
    <ClCompile Include="formats\mvt\Operators-Common.cpp">
      <Filter>Source Files\Formats\Mvt</Filter>
    </ClCompile>
    <ClCompile Include="formats\mvt\Operators-Lookup.ixx">
      <Filter>Source Files\Formats\Mvt</Filter>
    </ClCompile>
    <ClCompile Include="formats\mvt\Operators-Lookup.cpp">
      <Filter>Source Files\Formats\Mvt</Filter>
    </ClCompile>
    <ClCompile Include="formats\mvt\Operators-String.ixx">
      <Filter>Source Files</Filter>
    </ClCompile>
    <ClCompile Include="formats\mvt\Operators-String.cpp">
      <Filter>Source Files</Filter>
    </ClCompile>
    <ClCompile Include="formats\mvt\Operators-Types.ixx">
      <Filter>Source Files\Formats\Mvt</Filter>
    </ClCompile>
    <ClCompile Include="formats\mvt\Operators-Types.cpp">
      <Filter>Source Files\Formats\Mvt</Filter>
    </ClCompile>
    <ClCompile Include="formats\mvt\Operators-Interpolate.ixx">
      <Filter>Source Files\Formats\Mvt</Filter>
    </ClCompile>
    <ClCompile Include="formats\mvt\Operators-Interpolate.cpp">
      <Filter>Source Files\Formats\Mvt</Filter>
    </ClCompile>
    <ClCompile Include="formats\mvt\Operators-Math.ixx">
      <Filter>Source Files\Formats\Mvt</Filter>
    </ClCompile>
    <ClCompile Include="formats\mvt\Operators-Math.cpp">
      <Filter>Source Files\Formats\Mvt</Filter>
    </ClCompile>
    <ClCompile Include="formats\mvt\Operators-Variables.ixx">
      <Filter>Source Files\Formats\Mvt</Filter>
    </ClCompile>
    <ClCompile Include="formats\mvt\Operators-Variables.cpp">
      <Filter>Source Files\Formats\Mvt</Filter>
    </ClCompile>
    <ClCompile Include="formats\mvt\Operators-Function.ixx">
      <Filter>Source Files\Formats\Mvt</Filter>
    </ClCompile>
    <ClCompile Include="formats\mvt\Operators-Function.cpp">
      <Filter>Source Files\Formats\Mvt</Filter>
    </ClCompile>
    <ClCompile Include="formats\mvt\Operators-Camera.ixx">
      <Filter>Source Files\Formats\Mvt</Filter>
    </ClCompile>
    <ClCompile Include="formats\mvt\Operators-Camera.cpp">
      <Filter>Source Files\Formats\Mvt</Filter>
    </ClCompile>
    <ClCompile Include="formats\mvt\HttpTileFetcher.cpp">
      <Filter>Source Files\Formats\Mvt</Filter>
    </ClCompile>
    <ClCompile Include="formats\mvt\HttpTileFetcher.ixx">
      <Filter>Source Files\Formats\Mvt</Filter>
    </ClCompile>
    <ClCompile Include="formats\geojson\Geometry.ixx">
      <Filter>Source Files\Formats\GeoJSON</Filter>
    </ClCompile>
    <ClCompile Include="formats\geojson\Feature.ixx">
      <Filter>Source Files\Formats\GeoJSON</Filter>
    </ClCompile>
    <ClCompile Include="formats\geojson\Parser.ixx">
      <Filter>Source Files\Formats\GeoJSON</Filter>
    </ClCompile>
    <ClCompile Include="formats\geojson\Parser.cpp">
      <Filter>Source Files\Formats\GeoJSON</Filter>
    </ClCompile>
  </ItemGroup>
  <ItemGroup>
    <ResourceCompile Include="VectorTileRenderer.rc">
      <Filter>Resource Files</Filter>
    </ResourceCompile>
  </ItemGroup>
  <ItemGroup>
    <None Include="res\VectorTileRenderer.rc2">
      <Filter>Resource Files</Filter>
    </None>
  </ItemGroup>
  <ItemGroup>
    <Image Include="res\VectorTileRenderer.ico">
      <Filter>Resource Files</Filter>
    </Image>
  </ItemGroup>
  <ItemGroup>
    <Text Include="LICENCE.txt" />
  </ItemGroup>
</Project>